
Microsoft Visual Studio Solution File, Format Version 12.00
# Visual Studio 15
VisualStudioVersion = 15.0.27004.2005
MinimumVisualStudioVersion = 10.0.40219.1
Project("{FAE04EC0-301F-11D3-BF4B-00C04F79EFBC}") = "HelloWorldConsoleApp", "HelloWorldConsoleApp\HelloWorldConsoleApp.csproj", "{DA739C73-3949-4F71-B225-9AA730375E37}"
EndProject
Project("{FAE04EC0-301F-11D3-BF4B-00C04F79EFBC}") = "HelloWorldApi", "HelloWorldApi\HelloWorldApi.csproj", "{88F4D547-82E2-4B29-8449-DE419901961C}"
EndProject
Project("{FAE04EC0-301F-11D3-BF4B-00C04F79EFBC}") = "HelloWorldApi.Tests", "HelloWorldApi.Tests\HelloWorldApi.Tests.csproj", "{D9737B72-E836-4BC0-8657-9385967CC4CD}"
EndProject
Project("{FAE04EC0-301F-11D3-BF4B-00C04F79EFBC}") = "HelloWorldLibrary", "HelloWorldLibrary\HelloWorldLibrary.csproj", "{8FAC7DA9-B8AC-446D-B10C-4E1D0459796D}"
EndProject
Global
	GlobalSection(SolutionConfigurationPlatforms) = preSolution
		Debug|Any CPU = Debug|Any CPU
		Release|Any CPU = Release|Any CPU
	EndGlobalSection
	GlobalSection(ProjectConfigurationPlatforms) = postSolution
		{DA739C73-3949-4F71-B225-9AA730375E37}.Debug|Any CPU.ActiveCfg = Debug|Any CPU
		{DA739C73-3949-4F71-B225-9AA730375E37}.Debug|Any CPU.Build.0 = Debug|Any CPU
		{DA739C73-3949-4F71-B225-9AA730375E37}.Release|Any CPU.ActiveCfg = Release|Any CPU
		{DA739C73-3949-4F71-B225-9AA730375E37}.Release|Any CPU.Build.0 = Release|Any CPU
		{88F4D547-82E2-4B29-8449-DE419901961C}.Debug|Any CPU.ActiveCfg = Debug|Any CPU
		{88F4D547-82E2-4B29-8449-DE419901961C}.Debug|Any CPU.Build.0 = Debug|Any CPU
		{88F4D547-82E2-4B29-8449-DE419901961C}.Release|Any CPU.ActiveCfg = Release|Any CPU
		{88F4D547-82E2-4B29-8449-DE419901961C}.Release|Any CPU.Build.0 = Release|Any CPU
		{D9737B72-E836-4BC0-8657-9385967CC4CD}.Debug|Any CPU.ActiveCfg = Debug|Any CPU
		{D9737B72-E836-4BC0-8657-9385967CC4CD}.Debug|Any CPU.Build.0 = Debug|Any CPU
		{D9737B72-E836-4BC0-8657-9385967CC4CD}.Release|Any CPU.ActiveCfg = Release|Any CPU
		{D9737B72-E836-4BC0-8657-9385967CC4CD}.Release|Any CPU.Build.0 = Release|Any CPU
		{8FAC7DA9-B8AC-446D-B10C-4E1D0459796D}.Debug|Any CPU.ActiveCfg = Debug|Any CPU
		{8FAC7DA9-B8AC-446D-B10C-4E1D0459796D}.Debug|Any CPU.Build.0 = Debug|Any CPU
		{8FAC7DA9-B8AC-446D-B10C-4E1D0459796D}.Release|Any CPU.ActiveCfg = Release|Any CPU
		{8FAC7DA9-B8AC-446D-B10C-4E1D0459796D}.Release|Any CPU.Build.0 = Release|Any CPU
	EndGlobalSection
	GlobalSection(SolutionProperties) = preSolution
		HideSolutionNode = FALSE
	EndGlobalSection
	GlobalSection(ExtensibilityGlobals) = postSolution
		SolutionGuid = {38EAB6F8-4F20-4890-9603-A02CFF1FBA34}
	EndGlobalSection
EndGlobal
